// !$*UTF8*$!
{
	archiveVersion = 1;
	classes = {
	};
	objectVersion = 55;
	objects = {

/* Begin PBXBuildFile section */
		803BB9106DED6B2B31D1E559 /* Pods_ToDOTests.framework in Frameworks */ = {isa = PBXBuildFile; fileRef = 0840A5DB041E4C526C261B48 /* Pods_ToDOTests.framework */; };
		B1FF44A3CF0C4117B0706F6C /* Pods_ToDO_ToDOUITests.framework in Frameworks */ = {isa = PBXBuildFile; fileRef = 20DB4FD2BE07223098AE7CA2 /* Pods_ToDO_ToDOUITests.framework */; };
		C7E33B4C00F516824601A0B9 /* Pods_ToDO.framework in Frameworks */ = {isa = PBXBuildFile; fileRef = 3C99E46A84FB489502D09A43 /* Pods_ToDO.framework */; };
		F032ACB5271583B200C3256C /* TaskModel.swift in Sources */ = {isa = PBXBuildFile; fileRef = F032ACB4271583B200C3256C /* TaskModel.swift */; };
		F098D64127197F0E00D0A13D /* TableViewDataModel.swift in Sources */ = {isa = PBXBuildFile; fileRef = F098D64027197F0E00D0A13D /* TableViewDataModel.swift */; };
		F0B0B7B0270DBEA2003C1FF1 /* MainTableViewCell.swift in Sources */ = {isa = PBXBuildFile; fileRef = F0B0B7AE270DBEA2003C1FF1 /* MainTableViewCell.swift */; };
		F0B0B7B1270DBEA2003C1FF1 /* MainTableViewCell.xib in Resources */ = {isa = PBXBuildFile; fileRef = F0B0B7AF270DBEA2003C1FF1 /* MainTableViewCell.xib */; };
		F0B0B7B3270DBF76003C1FF1 /* Builder.swift in Sources */ = {isa = PBXBuildFile; fileRef = F0B0B7B2270DBF76003C1FF1 /* Builder.swift */; };
		F0B0B7B7270E11E1003C1FF1 /* AddScreenViewController.swift in Sources */ = {isa = PBXBuildFile; fileRef = F0B0B7B5270E11E1003C1FF1 /* AddScreenViewController.swift */; };
		F0B0B7B8270E11E1003C1FF1 /* AddScreenViewController.xib in Resources */ = {isa = PBXBuildFile; fileRef = F0B0B7B6270E11E1003C1FF1 /* AddScreenViewController.xib */; };
		F0B0B7BB270EDAED003C1FF1 /* DatePickerTableViewCell.swift in Sources */ = {isa = PBXBuildFile; fileRef = F0B0B7B9270EDAED003C1FF1 /* DatePickerTableViewCell.swift */; };
		F0B0B7BC270EDAED003C1FF1 /* DatePickerTableViewCell.xib in Resources */ = {isa = PBXBuildFile; fileRef = F0B0B7BA270EDAED003C1FF1 /* DatePickerTableViewCell.xib */; };
		F0B0B7C0270EDB08003C1FF1 /* TextFieldTableViewCell.swift in Sources */ = {isa = PBXBuildFile; fileRef = F0B0B7BE270EDB08003C1FF1 /* TextFieldTableViewCell.swift */; };
		F0B0B7C1270EDB08003C1FF1 /* TextFieldTableViewCell.xib in Resources */ = {isa = PBXBuildFile; fileRef = F0B0B7BF270EDB08003C1FF1 /* TextFieldTableViewCell.xib */; };
		F0B0B7C4270EDC53003C1FF1 /* ToggleTableViewCell.swift in Sources */ = {isa = PBXBuildFile; fileRef = F0B0B7C2270EDC53003C1FF1 /* ToggleTableViewCell.swift */; };
		F0B0B7C5270EDC53003C1FF1 /* ToggleTableViewCell.xib in Resources */ = {isa = PBXBuildFile; fileRef = F0B0B7C3270EDC53003C1FF1 /* ToggleTableViewCell.xib */; };
		F0B0B7C9270EDF38003C1FF1 /* AddModel.swift in Sources */ = {isa = PBXBuildFile; fileRef = F0B0B7C8270EDF38003C1FF1 /* AddModel.swift */; };
		F0B0B7CC270EF195003C1FF1 /* AddModulePresenter.swift in Sources */ = {isa = PBXBuildFile; fileRef = F0B0B7CB270EF195003C1FF1 /* AddModulePresenter.swift */; };
		F0B0B7CE270F1D82003C1FF1 /* CircleButton.swift in Sources */ = {isa = PBXBuildFile; fileRef = F0B0B7CD270F1D82003C1FF1 /* CircleButton.swift */; };
		F0B0B7D0270F2140003C1FF1 /* ElementSize.swift in Sources */ = {isa = PBXBuildFile; fileRef = F0B0B7CF270F2140003C1FF1 /* ElementSize.swift */; };
		F0B0B7D3270F71D8003C1FF1 /* AddModel.swift in Sources */ = {isa = PBXBuildFile; fileRef = F0B0B7C8270EDF38003C1FF1 /* AddModel.swift */; };
		F0B3EF3527177A1C00F723BF /* ExtensionDate.swift in Sources */ = {isa = PBXBuildFile; fileRef = F0B3EF3427177A1C00F723BF /* ExtensionDate.swift */; };
		F0C8791827117B8700DEA605 /* MemoryManager.swift in Sources */ = {isa = PBXBuildFile; fileRef = F0C8791727117B8700DEA605 /* MemoryManager.swift */; };
		F0F8E986270DB148009954B4 /* AppDelegate.swift in Sources */ = {isa = PBXBuildFile; fileRef = F0F8E985270DB148009954B4 /* AppDelegate.swift */; };
		F0F8E988270DB148009954B4 /* SceneDelegate.swift in Sources */ = {isa = PBXBuildFile; fileRef = F0F8E987270DB148009954B4 /* SceneDelegate.swift */; };
		F0F8E98A270DB148009954B4 /* ViewController.swift in Sources */ = {isa = PBXBuildFile; fileRef = F0F8E989270DB148009954B4 /* ViewController.swift */; };
		F0F8E98D270DB148009954B4 /* Main.storyboard in Resources */ = {isa = PBXBuildFile; fileRef = F0F8E98B270DB148009954B4 /* Main.storyboard */; };
		F0F8E98F270DB150009954B4 /* Assets.xcassets in Resources */ = {isa = PBXBuildFile; fileRef = F0F8E98E270DB150009954B4 /* Assets.xcassets */; };
		F0F8E992270DB150009954B4 /* LaunchScreen.storyboard in Resources */ = {isa = PBXBuildFile; fileRef = F0F8E990270DB150009954B4 /* LaunchScreen.storyboard */; };
		F0F8E99D270DB151009954B4 /* ToDOTests.swift in Sources */ = {isa = PBXBuildFile; fileRef = F0F8E99C270DB151009954B4 /* ToDOTests.swift */; };
		F0F8E9A7270DB151009954B4 /* ToDOUITests.swift in Sources */ = {isa = PBXBuildFile; fileRef = F0F8E9A6270DB151009954B4 /* ToDOUITests.swift */; };
		F0F8E9A9270DB151009954B4 /* ToDOUITestsLaunchTests.swift in Sources */ = {isa = PBXBuildFile; fileRef = F0F8E9A8270DB151009954B4 /* ToDOUITestsLaunchTests.swift */; };
		F0F8E9B7270DB192009954B4 /* MainViewController.swift in Sources */ = {isa = PBXBuildFile; fileRef = F0F8E9B5270DB192009954B4 /* MainViewController.swift */; };
		F0F8E9B8270DB192009954B4 /* MainViewController.xib in Resources */ = {isa = PBXBuildFile; fileRef = F0F8E9B6270DB192009954B4 /* MainViewController.xib */; };
		F0F8E9BE270DB4C4009954B4 /* MainModulePresenter.swift in Sources */ = {isa = PBXBuildFile; fileRef = F0F8E9BD270DB4C4009954B4 /* MainModulePresenter.swift */; };
		F0F8E9C2270DB905009954B4 /* Router.swift in Sources */ = {isa = PBXBuildFile; fileRef = F0F8E9C1270DB905009954B4 /* Router.swift */; };
/* End PBXBuildFile section */

/* Begin PBXContainerItemProxy section */
		F0F8E999270DB151009954B4 /* PBXContainerItemProxy */ = {
			isa = PBXContainerItemProxy;
			containerPortal = F0F8E97A270DB148009954B4 /* Project object */;
			proxyType = 1;
			remoteGlobalIDString = F0F8E981270DB148009954B4;
			remoteInfo = ToDO;
		};
		F0F8E9A3270DB151009954B4 /* PBXContainerItemProxy */ = {
			isa = PBXContainerItemProxy;
			containerPortal = F0F8E97A270DB148009954B4 /* Project object */;
			proxyType = 1;
			remoteGlobalIDString = F0F8E981270DB148009954B4;
			remoteInfo = ToDO;
		};
/* End PBXContainerItemProxy section */

/* Begin PBXCopyFilesBuildPhase section */
		F0B0B7D1270F2625003C1FF1 /* CopyFiles */ = {
			isa = PBXCopyFilesBuildPhase;
			buildActionMask = 2147483647;
			dstPath = "";
			dstSubfolderSpec = 7;
			files = (
			);
			runOnlyForDeploymentPostprocessing = 0;
		};
/* End PBXCopyFilesBuildPhase section */

/* Begin PBXFileReference section */
		0840A5DB041E4C526C261B48 /* Pods_ToDOTests.framework */ = {isa = PBXFileReference; explicitFileType = wrapper.framework; includeInIndex = 0; path = Pods_ToDOTests.framework; sourceTree = BUILT_PRODUCTS_DIR; };
		1648E49A6169B3D5B76CE669 /* Pods-ToDO-ToDOUITests.debug.xcconfig */ = {isa = PBXFileReference; includeInIndex = 1; lastKnownFileType = text.xcconfig; name = "Pods-ToDO-ToDOUITests.debug.xcconfig"; path = "Target Support Files/Pods-ToDO-ToDOUITests/Pods-ToDO-ToDOUITests.debug.xcconfig"; sourceTree = "<group>"; };
		20DB4FD2BE07223098AE7CA2 /* Pods_ToDO_ToDOUITests.framework */ = {isa = PBXFileReference; explicitFileType = wrapper.framework; includeInIndex = 0; path = Pods_ToDO_ToDOUITests.framework; sourceTree = BUILT_PRODUCTS_DIR; };
		2B643044E30CD7160D0EA5DC /* Pods-ToDO.release.xcconfig */ = {isa = PBXFileReference; includeInIndex = 1; lastKnownFileType = text.xcconfig; name = "Pods-ToDO.release.xcconfig"; path = "Target Support Files/Pods-ToDO/Pods-ToDO.release.xcconfig"; sourceTree = "<group>"; };
		3C99E46A84FB489502D09A43 /* Pods_ToDO.framework */ = {isa = PBXFileReference; explicitFileType = wrapper.framework; includeInIndex = 0; path = Pods_ToDO.framework; sourceTree = BUILT_PRODUCTS_DIR; };
		45A60FA9E135BC497B41B691 /* Pods-ToDO.debug.xcconfig */ = {isa = PBXFileReference; includeInIndex = 1; lastKnownFileType = text.xcconfig; name = "Pods-ToDO.debug.xcconfig"; path = "Target Support Files/Pods-ToDO/Pods-ToDO.debug.xcconfig"; sourceTree = "<group>"; };
		4F3B92423B3AA2FCD86120CF /* Pods-ToDO-ToDOUITests.release.xcconfig */ = {isa = PBXFileReference; includeInIndex = 1; lastKnownFileType = text.xcconfig; name = "Pods-ToDO-ToDOUITests.release.xcconfig"; path = "Target Support Files/Pods-ToDO-ToDOUITests/Pods-ToDO-ToDOUITests.release.xcconfig"; sourceTree = "<group>"; };
		74592BCEF546EAA6E17453C3 /* Pods-ToDOTests.release.xcconfig */ = {isa = PBXFileReference; includeInIndex = 1; lastKnownFileType = text.xcconfig; name = "Pods-ToDOTests.release.xcconfig"; path = "Target Support Files/Pods-ToDOTests/Pods-ToDOTests.release.xcconfig"; sourceTree = "<group>"; };
		80A930967F5069567C38B9B0 /* Pods-ToDOTests.debug.xcconfig */ = {isa = PBXFileReference; includeInIndex = 1; lastKnownFileType = text.xcconfig; name = "Pods-ToDOTests.debug.xcconfig"; path = "Target Support Files/Pods-ToDOTests/Pods-ToDOTests.debug.xcconfig"; sourceTree = "<group>"; };
		F032ACB4271583B200C3256C /* TaskModel.swift */ = {isa = PBXFileReference; lastKnownFileType = sourcecode.swift; path = TaskModel.swift; sourceTree = "<group>"; };
		F098D64027197F0E00D0A13D /* TableViewDataModel.swift */ = {isa = PBXFileReference; lastKnownFileType = sourcecode.swift; path = TableViewDataModel.swift; sourceTree = "<group>"; };
		F0B0B7AE270DBEA2003C1FF1 /* MainTableViewCell.swift */ = {isa = PBXFileReference; lastKnownFileType = sourcecode.swift; path = MainTableViewCell.swift; sourceTree = "<group>"; };
		F0B0B7AF270DBEA2003C1FF1 /* MainTableViewCell.xib */ = {isa = PBXFileReference; lastKnownFileType = file.xib; path = MainTableViewCell.xib; sourceTree = "<group>"; };
		F0B0B7B2270DBF76003C1FF1 /* Builder.swift */ = {isa = PBXFileReference; lastKnownFileType = sourcecode.swift; path = Builder.swift; sourceTree = "<group>"; };
		F0B0B7B5270E11E1003C1FF1 /* AddScreenViewController.swift */ = {isa = PBXFileReference; lastKnownFileType = sourcecode.swift; path = AddScreenViewController.swift; sourceTree = "<group>"; };
		F0B0B7B6270E11E1003C1FF1 /* AddScreenViewController.xib */ = {isa = PBXFileReference; lastKnownFileType = file.xib; path = AddScreenViewController.xib; sourceTree = "<group>"; };
		F0B0B7B9270EDAED003C1FF1 /* DatePickerTableViewCell.swift */ = {isa = PBXFileReference; lastKnownFileType = sourcecode.swift; path = DatePickerTableViewCell.swift; sourceTree = "<group>"; };
		F0B0B7BA270EDAED003C1FF1 /* DatePickerTableViewCell.xib */ = {isa = PBXFileReference; lastKnownFileType = file.xib; path = DatePickerTableViewCell.xib; sourceTree = "<group>"; };
		F0B0B7BE270EDB08003C1FF1 /* TextFieldTableViewCell.swift */ = {isa = PBXFileReference; lastKnownFileType = sourcecode.swift; path = TextFieldTableViewCell.swift; sourceTree = "<group>"; };
		F0B0B7BF270EDB08003C1FF1 /* TextFieldTableViewCell.xib */ = {isa = PBXFileReference; lastKnownFileType = file.xib; path = TextFieldTableViewCell.xib; sourceTree = "<group>"; };
		F0B0B7C2270EDC53003C1FF1 /* ToggleTableViewCell.swift */ = {isa = PBXFileReference; lastKnownFileType = sourcecode.swift; path = ToggleTableViewCell.swift; sourceTree = "<group>"; };
		F0B0B7C3270EDC53003C1FF1 /* ToggleTableViewCell.xib */ = {isa = PBXFileReference; lastKnownFileType = file.xib; path = ToggleTableViewCell.xib; sourceTree = "<group>"; };
		F0B0B7C8270EDF38003C1FF1 /* AddModel.swift */ = {isa = PBXFileReference; lastKnownFileType = sourcecode.swift; path = AddModel.swift; sourceTree = "<group>"; };
		F0B0B7CB270EF195003C1FF1 /* AddModulePresenter.swift */ = {isa = PBXFileReference; lastKnownFileType = sourcecode.swift; path = AddModulePresenter.swift; sourceTree = "<group>"; };
		F0B0B7CD270F1D82003C1FF1 /* CircleButton.swift */ = {isa = PBXFileReference; lastKnownFileType = sourcecode.swift; path = CircleButton.swift; sourceTree = "<group>"; };
		F0B0B7CF270F2140003C1FF1 /* ElementSize.swift */ = {isa = PBXFileReference; lastKnownFileType = sourcecode.swift; path = ElementSize.swift; sourceTree = "<group>"; };
		F0B3EF3427177A1C00F723BF /* ExtensionDate.swift */ = {isa = PBXFileReference; lastKnownFileType = sourcecode.swift; path = ExtensionDate.swift; sourceTree = "<group>"; };
		F0C8791727117B8700DEA605 /* MemoryManager.swift */ = {isa = PBXFileReference; lastKnownFileType = sourcecode.swift; path = MemoryManager.swift; sourceTree = "<group>"; };
		F0F8E982270DB148009954B4 /* ToDO.app */ = {isa = PBXFileReference; explicitFileType = wrapper.application; includeInIndex = 0; path = ToDO.app; sourceTree = BUILT_PRODUCTS_DIR; };
		F0F8E985270DB148009954B4 /* AppDelegate.swift */ = {isa = PBXFileReference; lastKnownFileType = sourcecode.swift; path = AppDelegate.swift; sourceTree = "<group>"; };
		F0F8E987270DB148009954B4 /* SceneDelegate.swift */ = {isa = PBXFileReference; lastKnownFileType = sourcecode.swift; path = SceneDelegate.swift; sourceTree = "<group>"; };
		F0F8E989270DB148009954B4 /* ViewController.swift */ = {isa = PBXFileReference; lastKnownFileType = sourcecode.swift; path = ViewController.swift; sourceTree = "<group>"; };
		F0F8E98C270DB148009954B4 /* Base */ = {isa = PBXFileReference; lastKnownFileType = file.storyboard; name = Base; path = Base.lproj/Main.storyboard; sourceTree = "<group>"; };
		F0F8E98E270DB150009954B4 /* Assets.xcassets */ = {isa = PBXFileReference; lastKnownFileType = folder.assetcatalog; path = Assets.xcassets; sourceTree = "<group>"; };
		F0F8E991270DB150009954B4 /* Base */ = {isa = PBXFileReference; lastKnownFileType = file.storyboard; name = Base; path = Base.lproj/LaunchScreen.storyboard; sourceTree = "<group>"; };
		F0F8E993270DB150009954B4 /* Info.plist */ = {isa = PBXFileReference; lastKnownFileType = text.plist.xml; path = Info.plist; sourceTree = "<group>"; };
		F0F8E998270DB151009954B4 /* ToDOTests.xctest */ = {isa = PBXFileReference; explicitFileType = wrapper.cfbundle; includeInIndex = 0; path = ToDOTests.xctest; sourceTree = BUILT_PRODUCTS_DIR; };
		F0F8E99C270DB151009954B4 /* ToDOTests.swift */ = {isa = PBXFileReference; lastKnownFileType = sourcecode.swift; path = ToDOTests.swift; sourceTree = "<group>"; };
		F0F8E9A2270DB151009954B4 /* ToDOUITests.xctest */ = {isa = PBXFileReference; explicitFileType = wrapper.cfbundle; includeInIndex = 0; path = ToDOUITests.xctest; sourceTree = BUILT_PRODUCTS_DIR; };
		F0F8E9A6270DB151009954B4 /* ToDOUITests.swift */ = {isa = PBXFileReference; lastKnownFileType = sourcecode.swift; path = ToDOUITests.swift; sourceTree = "<group>"; };
		F0F8E9A8270DB151009954B4 /* ToDOUITestsLaunchTests.swift */ = {isa = PBXFileReference; lastKnownFileType = sourcecode.swift; path = ToDOUITestsLaunchTests.swift; sourceTree = "<group>"; };
		F0F8E9B5270DB192009954B4 /* MainViewController.swift */ = {isa = PBXFileReference; lastKnownFileType = sourcecode.swift; path = MainViewController.swift; sourceTree = "<group>"; };
		F0F8E9B6270DB192009954B4 /* MainViewController.xib */ = {isa = PBXFileReference; lastKnownFileType = file.xib; path = MainViewController.xib; sourceTree = "<group>"; };
		F0F8E9BD270DB4C4009954B4 /* MainModulePresenter.swift */ = {isa = PBXFileReference; lastKnownFileType = sourcecode.swift; path = MainModulePresenter.swift; sourceTree = "<group>"; };
		F0F8E9C1270DB905009954B4 /* Router.swift */ = {isa = PBXFileReference; lastKnownFileType = sourcecode.swift; path = Router.swift; sourceTree = "<group>"; };
/* End PBXFileReference section */

/* Begin PBXFrameworksBuildPhase section */
		F0F8E97F270DB148009954B4 /* Frameworks */ = {
			isa = PBXFrameworksBuildPhase;
			buildActionMask = 2147483647;
			files = (
				C7E33B4C00F516824601A0B9 /* Pods_ToDO.framework in Frameworks */,
			);
			runOnlyForDeploymentPostprocessing = 0;
		};
		F0F8E995270DB151009954B4 /* Frameworks */ = {
			isa = PBXFrameworksBuildPhase;
			buildActionMask = 2147483647;
			files = (
				803BB9106DED6B2B31D1E559 /* Pods_ToDOTests.framework in Frameworks */,
			);
			runOnlyForDeploymentPostprocessing = 0;
		};
		F0F8E99F270DB151009954B4 /* Frameworks */ = {
			isa = PBXFrameworksBuildPhase;
			buildActionMask = 2147483647;
			files = (
				B1FF44A3CF0C4117B0706F6C /* Pods_ToDO_ToDOUITests.framework in Frameworks */,
			);
			runOnlyForDeploymentPostprocessing = 0;
		};
/* End PBXFrameworksBuildPhase section */

/* Begin PBXGroup section */
		E0A52900DC384BADC5292E6C /* Frameworks */ = {
			isa = PBXGroup;
			children = (
				3C99E46A84FB489502D09A43 /* Pods_ToDO.framework */,
				20DB4FD2BE07223098AE7CA2 /* Pods_ToDO_ToDOUITests.framework */,
				0840A5DB041E4C526C261B48 /* Pods_ToDOTests.framework */,
			);
			name = Frameworks;
			sourceTree = "<group>";
		};
		F032ACB3271581D400C3256C /* Memory */ = {
			isa = PBXGroup;
			children = (
				F0C8791727117B8700DEA605 /* MemoryManager.swift */,
				F032ACB4271583B200C3256C /* TaskModel.swift */,
			);
			path = Memory;
			sourceTree = "<group>";
		};
		F0B0B7B4270E11B3003C1FF1 /* AddModule */ = {
			isa = PBXGroup;
			children = (
				F0B0B7CA270EF18A003C1FF1 /* Presenter */,
				F0B0B7C7270EDF2A003C1FF1 /* Model */,
				F0B0B7C6270EDF25003C1FF1 /* View */,
			);
			path = AddModule;
			sourceTree = "<group>";
		};
		F0B0B7BD270EDAF2003C1FF1 /* Cells */ = {
			isa = PBXGroup;
			children = (
				F0B0B7B9270EDAED003C1FF1 /* DatePickerTableViewCell.swift */,
				F0B0B7BA270EDAED003C1FF1 /* DatePickerTableViewCell.xib */,
				F0B0B7BE270EDB08003C1FF1 /* TextFieldTableViewCell.swift */,
				F0B0B7BF270EDB08003C1FF1 /* TextFieldTableViewCell.xib */,
				F0B0B7C2270EDC53003C1FF1 /* ToggleTableViewCell.swift */,
				F0B0B7C3270EDC53003C1FF1 /* ToggleTableViewCell.xib */,
			);
			path = Cells;
			sourceTree = "<group>";
		};
		F0B0B7C6270EDF25003C1FF1 /* View */ = {
			isa = PBXGroup;
			children = (
				F0B0B7B5270E11E1003C1FF1 /* AddScreenViewController.swift */,
				F0B0B7B6270E11E1003C1FF1 /* AddScreenViewController.xib */,
				F0B0B7BD270EDAF2003C1FF1 /* Cells */,
			);
			path = View;
			sourceTree = "<group>";
		};
		F0B0B7C7270EDF2A003C1FF1 /* Model */ = {
			isa = PBXGroup;
			children = (
				F0B0B7C8270EDF38003C1FF1 /* AddModel.swift */,
			);
			path = Model;
			sourceTree = "<group>";
		};
		F0B0B7CA270EF18A003C1FF1 /* Presenter */ = {
			isa = PBXGroup;
			children = (
				F0B0B7CB270EF195003C1FF1 /* AddModulePresenter.swift */,
			);
			path = Presenter;
			sourceTree = "<group>";
		};
		F0F8E979270DB148009954B4 = {
			isa = PBXGroup;
			children = (
				F0F8E984270DB148009954B4 /* ToDO */,
				F0F8E99B270DB151009954B4 /* ToDOTests */,
				F0F8E9A5270DB151009954B4 /* ToDOUITests */,
				F0F8E983270DB148009954B4 /* Products */,
				FC4472483B53171822D726B4 /* Pods */,
				E0A52900DC384BADC5292E6C /* Frameworks */,
			);
			sourceTree = "<group>";
		};
		F0F8E983270DB148009954B4 /* Products */ = {
			isa = PBXGroup;
			children = (
				F0F8E982270DB148009954B4 /* ToDO.app */,
				F0F8E998270DB151009954B4 /* ToDOTests.xctest */,
				F0F8E9A2270DB151009954B4 /* ToDOUITests.xctest */,
			);
			name = Products;
			sourceTree = "<group>";
		};
		F0F8E984270DB148009954B4 /* ToDO */ = {
			isa = PBXGroup;
			children = (
				F0F8E985270DB148009954B4 /* AppDelegate.swift */,
				F0F8E987270DB148009954B4 /* SceneDelegate.swift */,
				F0F8E989270DB148009954B4 /* ViewController.swift */,
				F0F8E98B270DB148009954B4 /* Main.storyboard */,
				F0B0B7B2270DBF76003C1FF1 /* Builder.swift */,
				F0F8E9C1270DB905009954B4 /* Router.swift */,
				F0B0B7CD270F1D82003C1FF1 /* CircleButton.swift */,
				F0B0B7CF270F2140003C1FF1 /* ElementSize.swift */,
				F0B3EF3427177A1C00F723BF /* ExtensionDate.swift */,
				F032ACB3271581D400C3256C /* Memory */,
				F0F8E9B9270DB493009954B4 /* MainModule */,
				F0B0B7B4270E11B3003C1FF1 /* AddModule */,
				F0F8E98E270DB150009954B4 /* Assets.xcassets */,
				F0F8E990270DB150009954B4 /* LaunchScreen.storyboard */,
				F0F8E993270DB150009954B4 /* Info.plist */,
			);
			path = ToDO;
			sourceTree = "<group>";
		};
		F0F8E99B270DB151009954B4 /* ToDOTests */ = {
			isa = PBXGroup;
			children = (
				F0F8E99C270DB151009954B4 /* ToDOTests.swift */,
			);
			path = ToDOTests;
			sourceTree = "<group>";
		};
		F0F8E9A5270DB151009954B4 /* ToDOUITests */ = {
			isa = PBXGroup;
			children = (
				F0F8E9A6270DB151009954B4 /* ToDOUITests.swift */,
				F0F8E9A8270DB151009954B4 /* ToDOUITestsLaunchTests.swift */,
			);
			path = ToDOUITests;
			sourceTree = "<group>";
		};
		F0F8E9B9270DB493009954B4 /* MainModule */ = {
			isa = PBXGroup;
			children = (
				F0F8E9BC270DB4AC009954B4 /* Presenter */,
				F0F8E9BB270DB4A7009954B4 /* Model */,
				F0F8E9BA270DB49F009954B4 /* View */,
			);
			path = MainModule;
			sourceTree = "<group>";
		};
		F0F8E9BA270DB49F009954B4 /* View */ = {
			isa = PBXGroup;
			children = (
				F0F8E9C8270DBE25009954B4 /* Cell */,
				F0F8E9B5270DB192009954B4 /* MainViewController.swift */,
				F0F8E9B6270DB192009954B4 /* MainViewController.xib */,
			);
			path = View;
			sourceTree = "<group>";
		};
		F0F8E9BB270DB4A7009954B4 /* Model */ = {
			isa = PBXGroup;
			children = (
				F098D64027197F0E00D0A13D /* TableViewDataModel.swift */,
			);
			path = Model;
			sourceTree = "<group>";
		};
		F0F8E9BC270DB4AC009954B4 /* Presenter */ = {
			isa = PBXGroup;
			children = (
				F0F8E9BD270DB4C4009954B4 /* MainModulePresenter.swift */,
			);
			path = Presenter;
			sourceTree = "<group>";
		};
		F0F8E9C8270DBE25009954B4 /* Cell */ = {
			isa = PBXGroup;
			children = (
				F0B0B7AE270DBEA2003C1FF1 /* MainTableViewCell.swift */,
				F0B0B7AF270DBEA2003C1FF1 /* MainTableViewCell.xib */,
			);
			path = Cell;
			sourceTree = "<group>";
		};
		FC4472483B53171822D726B4 /* Pods */ = {
			isa = PBXGroup;
			children = (
				45A60FA9E135BC497B41B691 /* Pods-ToDO.debug.xcconfig */,
				2B643044E30CD7160D0EA5DC /* Pods-ToDO.release.xcconfig */,
				1648E49A6169B3D5B76CE669 /* Pods-ToDO-ToDOUITests.debug.xcconfig */,
				4F3B92423B3AA2FCD86120CF /* Pods-ToDO-ToDOUITests.release.xcconfig */,
				80A930967F5069567C38B9B0 /* Pods-ToDOTests.debug.xcconfig */,
				74592BCEF546EAA6E17453C3 /* Pods-ToDOTests.release.xcconfig */,
			);
			path = Pods;
			sourceTree = "<group>";
		};
/* End PBXGroup section */

/* Begin PBXNativeTarget section */
		F0F8E981270DB148009954B4 /* ToDO */ = {
			isa = PBXNativeTarget;
			buildConfigurationList = F0F8E9AC270DB151009954B4 /* Build configuration list for PBXNativeTarget "ToDO" */;
			buildPhases = (
				96130689947F2F2BA86CD528 /* [CP] Check Pods Manifest.lock */,
				F0F8E97E270DB148009954B4 /* Sources */,
				F0F8E97F270DB148009954B4 /* Frameworks */,
				F0F8E980270DB148009954B4 /* Resources */,
				F0B0B7D1270F2625003C1FF1 /* CopyFiles */,
				F0B0B7D2270F2647003C1FF1 /* ShellScript */,
				E5A7C26D158F424C28025020 /* [CP] Embed Pods Frameworks */,
			);
			buildRules = (
			);
			dependencies = (
			);
			name = ToDO;
			productName = ToDO;
			productReference = F0F8E982270DB148009954B4 /* ToDO.app */;
			productType = "com.apple.product-type.application";
		};
		F0F8E997270DB151009954B4 /* ToDOTests */ = {
			isa = PBXNativeTarget;
			buildConfigurationList = F0F8E9AF270DB151009954B4 /* Build configuration list for PBXNativeTarget "ToDOTests" */;
			buildPhases = (
				98976064B5FC1B9796E55967 /* [CP] Check Pods Manifest.lock */,
				F0F8E994270DB151009954B4 /* Sources */,
				F0F8E995270DB151009954B4 /* Frameworks */,
				F0F8E996270DB151009954B4 /* Resources */,
			);
			buildRules = (
			);
			dependencies = (
				F0F8E99A270DB151009954B4 /* PBXTargetDependency */,
			);
			name = ToDOTests;
			productName = ToDOTests;
			productReference = F0F8E998270DB151009954B4 /* ToDOTests.xctest */;
			productType = "com.apple.product-type.bundle.unit-test";
		};
		F0F8E9A1270DB151009954B4 /* ToDOUITests */ = {
			isa = PBXNativeTarget;
			buildConfigurationList = F0F8E9B2270DB151009954B4 /* Build configuration list for PBXNativeTarget "ToDOUITests" */;
			buildPhases = (
				5058D4C6154ECA33F93CB63C /* [CP] Check Pods Manifest.lock */,
				F0F8E99E270DB151009954B4 /* Sources */,
				F0F8E99F270DB151009954B4 /* Frameworks */,
				F0F8E9A0270DB151009954B4 /* Resources */,
				97B0F9D04CCE11C44E7C71F8 /* [CP] Embed Pods Frameworks */,
			);
			buildRules = (
			);
			dependencies = (
				F0F8E9A4270DB151009954B4 /* PBXTargetDependency */,
			);
			name = ToDOUITests;
			productName = ToDOUITests;
			productReference = F0F8E9A2270DB151009954B4 /* ToDOUITests.xctest */;
			productType = "com.apple.product-type.bundle.ui-testing";
		};
/* End PBXNativeTarget section */

/* Begin PBXProject section */
		F0F8E97A270DB148009954B4 /* Project object */ = {
			isa = PBXProject;
			attributes = {
				BuildIndependentTargetsInParallel = 1;
				LastSwiftUpdateCheck = 1300;
				LastUpgradeCheck = 1300;
				TargetAttributes = {
					F0F8E981270DB148009954B4 = {
						CreatedOnToolsVersion = 13.0;
					};
					F0F8E997270DB151009954B4 = {
						CreatedOnToolsVersion = 13.0;
						TestTargetID = F0F8E981270DB148009954B4;
					};
					F0F8E9A1270DB151009954B4 = {
						CreatedOnToolsVersion = 13.0;
						TestTargetID = F0F8E981270DB148009954B4;
					};
				};
			};
			buildConfigurationList = F0F8E97D270DB148009954B4 /* Build configuration list for PBXProject "ToDO" */;
			compatibilityVersion = "Xcode 13.0";
			developmentRegion = en;
			hasScannedForEncodings = 0;
			knownRegions = (
				en,
				Base,
			);
			mainGroup = F0F8E979270DB148009954B4;
			productRefGroup = F0F8E983270DB148009954B4 /* Products */;
			projectDirPath = "";
			projectRoot = "";
			targets = (
				F0F8E981270DB148009954B4 /* ToDO */,
				F0F8E997270DB151009954B4 /* ToDOTests */,
				F0F8E9A1270DB151009954B4 /* ToDOUITests */,
			);
		};
/* End PBXProject section */

/* Begin PBXResourcesBuildPhase section */
		F0F8E980270DB148009954B4 /* Resources */ = {
			isa = PBXResourcesBuildPhase;
			buildActionMask = 2147483647;
			files = (
				F0B0B7C5270EDC53003C1FF1 /* ToggleTableViewCell.xib in Resources */,
				F0F8E992270DB150009954B4 /* LaunchScreen.storyboard in Resources */,
				F0F8E98F270DB150009954B4 /* Assets.xcassets in Resources */,
				F0B0B7BC270EDAED003C1FF1 /* DatePickerTableViewCell.xib in Resources */,
				F0B0B7B8270E11E1003C1FF1 /* AddScreenViewController.xib in Resources */,
				F0F8E98D270DB148009954B4 /* Main.storyboard in Resources */,
				F0F8E9B8270DB192009954B4 /* MainViewController.xib in Resources */,
				F0B0B7B1270DBEA2003C1FF1 /* MainTableViewCell.xib in Resources */,
				F0B0B7C1270EDB08003C1FF1 /* TextFieldTableViewCell.xib in Resources */,
			);
			runOnlyForDeploymentPostprocessing = 0;
		};
		F0F8E996270DB151009954B4 /* Resources */ = {
			isa = PBXResourcesBuildPhase;
			buildActionMask = 2147483647;
			files = (
			);
			runOnlyForDeploymentPostprocessing = 0;
		};
		F0F8E9A0270DB151009954B4 /* Resources */ = {
			isa = PBXResourcesBuildPhase;
			buildActionMask = 2147483647;
			files = (
			);
			runOnlyForDeploymentPostprocessing = 0;
		};
/* End PBXResourcesBuildPhase section */

/* Begin PBXShellScriptBuildPhase section */
		5058D4C6154ECA33F93CB63C /* [CP] Check Pods Manifest.lock */ = {
			isa = PBXShellScriptBuildPhase;
			buildActionMask = 2147483647;
			files = (
			);
			inputFileListPaths = (
			);
			inputPaths = (
				"${PODS_PODFILE_DIR_PATH}/Podfile.lock",
				"${PODS_ROOT}/Manifest.lock",
			);
			name = "[CP] Check Pods Manifest.lock";
			outputFileListPaths = (
			);
			outputPaths = (
				"$(DERIVED_FILE_DIR)/Pods-ToDO-ToDOUITests-checkManifestLockResult.txt",
			);
			runOnlyForDeploymentPostprocessing = 0;
			shellPath = /bin/sh;
			shellScript = "diff \"${PODS_PODFILE_DIR_PATH}/Podfile.lock\" \"${PODS_ROOT}/Manifest.lock\" > /dev/null\nif [ $? != 0 ] ; then\n    # print error to STDERR\n    echo \"error: The sandbox is not in sync with the Podfile.lock. Run 'pod install' or update your CocoaPods installation.\" >&2\n    exit 1\nfi\n# This output is used by Xcode 'outputs' to avoid re-running this script phase.\necho \"SUCCESS\" > \"${SCRIPT_OUTPUT_FILE_0}\"\n";
			showEnvVarsInLog = 0;
		};
		96130689947F2F2BA86CD528 /* [CP] Check Pods Manifest.lock */ = {
			isa = PBXShellScriptBuildPhase;
			buildActionMask = 2147483647;
			files = (
			);
			inputFileListPaths = (
			);
			inputPaths = (
				"${PODS_PODFILE_DIR_PATH}/Podfile.lock",
				"${PODS_ROOT}/Manifest.lock",
			);
			name = "[CP] Check Pods Manifest.lock";
			outputFileListPaths = (
			);
			outputPaths = (
				"$(DERIVED_FILE_DIR)/Pods-ToDO-checkManifestLockResult.txt",
			);
			runOnlyForDeploymentPostprocessing = 0;
			shellPath = /bin/sh;
			shellScript = "diff \"${PODS_PODFILE_DIR_PATH}/Podfile.lock\" \"${PODS_ROOT}/Manifest.lock\" > /dev/null\nif [ $? != 0 ] ; then\n    # print error to STDERR\n    echo \"error: The sandbox is not in sync with the Podfile.lock. Run 'pod install' or update your CocoaPods installation.\" >&2\n    exit 1\nfi\n# This output is used by Xcode 'outputs' to avoid re-running this script phase.\necho \"SUCCESS\" > \"${SCRIPT_OUTPUT_FILE_0}\"\n";
			showEnvVarsInLog = 0;
		};
		97B0F9D04CCE11C44E7C71F8 /* [CP] Embed Pods Frameworks */ = {
			isa = PBXShellScriptBuildPhase;
			buildActionMask = 2147483647;
			files = (
			);
			inputFileListPaths = (
				"${PODS_ROOT}/Target Support Files/Pods-ToDO-ToDOUITests/Pods-ToDO-ToDOUITests-frameworks-${CONFIGURATION}-input-files.xcfilelist",
			);
			name = "[CP] Embed Pods Frameworks";
			outputFileListPaths = (
				"${PODS_ROOT}/Target Support Files/Pods-ToDO-ToDOUITests/Pods-ToDO-ToDOUITests-frameworks-${CONFIGURATION}-output-files.xcfilelist",
			);
			runOnlyForDeploymentPostprocessing = 0;
			shellPath = /bin/sh;
			shellScript = "\"${PODS_ROOT}/Target Support Files/Pods-ToDO-ToDOUITests/Pods-ToDO-ToDOUITests-frameworks.sh\"\n";
			showEnvVarsInLog = 0;
		};
		98976064B5FC1B9796E55967 /* [CP] Check Pods Manifest.lock */ = {
			isa = PBXShellScriptBuildPhase;
			buildActionMask = 2147483647;
			files = (
			);
			inputFileListPaths = (
			);
			inputPaths = (
				"${PODS_PODFILE_DIR_PATH}/Podfile.lock",
				"${PODS_ROOT}/Manifest.lock",
			);
			name = "[CP] Check Pods Manifest.lock";
			outputFileListPaths = (
			);
			outputPaths = (
				"$(DERIVED_FILE_DIR)/Pods-ToDOTests-checkManifestLockResult.txt",
			);
			runOnlyForDeploymentPostprocessing = 0;
			shellPath = /bin/sh;
			shellScript = "diff \"${PODS_PODFILE_DIR_PATH}/Podfile.lock\" \"${PODS_ROOT}/Manifest.lock\" > /dev/null\nif [ $? != 0 ] ; then\n    # print error to STDERR\n    echo \"error: The sandbox is not in sync with the Podfile.lock. Run 'pod install' or update your CocoaPods installation.\" >&2\n    exit 1\nfi\n# This output is used by Xcode 'outputs' to avoid re-running this script phase.\necho \"SUCCESS\" > \"${SCRIPT_OUTPUT_FILE_0}\"\n";
			showEnvVarsInLog = 0;
		};
		E5A7C26D158F424C28025020 /* [CP] Embed Pods Frameworks */ = {
			isa = PBXShellScriptBuildPhase;
			buildActionMask = 2147483647;
			files = (
			);
			inputFileListPaths = (
				"${PODS_ROOT}/Target Support Files/Pods-ToDO/Pods-ToDO-frameworks-${CONFIGURATION}-input-files.xcfilelist",
			);
			name = "[CP] Embed Pods Frameworks";
			outputFileListPaths = (
				"${PODS_ROOT}/Target Support Files/Pods-ToDO/Pods-ToDO-frameworks-${CONFIGURATION}-output-files.xcfilelist",
			);
			runOnlyForDeploymentPostprocessing = 0;
			shellPath = /bin/sh;
			shellScript = "\"${PODS_ROOT}/Target Support Files/Pods-ToDO/Pods-ToDO-frameworks.sh\"\n";
			showEnvVarsInLog = 0;
		};
		F0B0B7D2270F2647003C1FF1 /* ShellScript */ = {
			isa = PBXShellScriptBuildPhase;
			buildActionMask = 8;
			files = (
			);
			inputFileListPaths = (
			);
			inputPaths = (
			);
			outputFileListPaths = (
			);
			outputPaths = (
			);
			runOnlyForDeploymentPostprocessing = 1;
			shellPath = /bin/sh;
			shellScript = "if which swiftlint >/dev/null; then\n  swiftlint\nelse\n  echo \"error: SwiftLint does not exist, download it from https://github.com/realm/SwiftLint\"\n  exit 1\nfi\n";
		};
/* End PBXShellScriptBuildPhase section */

/* Begin PBXSourcesBuildPhase section */
		F0F8E97E270DB148009954B4 /* Sources */ = {
			isa = PBXSourcesBuildPhase;
			buildActionMask = 2147483647;
			files = (
				F0F8E98A270DB148009954B4 /* ViewController.swift in Sources */,
				F0F8E986270DB148009954B4 /* AppDelegate.swift in Sources */,
				F0B0B7B0270DBEA2003C1FF1 /* MainTableViewCell.swift in Sources */,
				F0B0B7C0270EDB08003C1FF1 /* TextFieldTableViewCell.swift in Sources */,
				F0B0B7BB270EDAED003C1FF1 /* DatePickerTableViewCell.swift in Sources */,
				F098D64127197F0E00D0A13D /* TableViewDataModel.swift in Sources */,
				F0B0B7C9270EDF38003C1FF1 /* AddModel.swift in Sources */,
				F0B0B7D0270F2140003C1FF1 /* ElementSize.swift in Sources */,
				F0F8E988270DB148009954B4 /* SceneDelegate.swift in Sources */,
				F0C8791827117B8700DEA605 /* MemoryManager.swift in Sources */,
				F0B0B7B7270E11E1003C1FF1 /* AddScreenViewController.swift in Sources */,
				F0B0B7C4270EDC53003C1FF1 /* ToggleTableViewCell.swift in Sources */,
				F0F8E9C2270DB905009954B4 /* Router.swift in Sources */,
				F0B0B7CE270F1D82003C1FF1 /* CircleButton.swift in Sources */,
				F0B3EF3527177A1C00F723BF /* ExtensionDate.swift in Sources */,
				F0B0B7CC270EF195003C1FF1 /* AddModulePresenter.swift in Sources */,
				F0B0B7B3270DBF76003C1FF1 /* Builder.swift in Sources */,
				F0F8E9B7270DB192009954B4 /* MainViewController.swift in Sources */,
				F032ACB5271583B200C3256C /* TaskModel.swift in Sources */,
				F0F8E9BE270DB4C4009954B4 /* MainModulePresenter.swift in Sources */,
			);
			runOnlyForDeploymentPostprocessing = 0;
		};
		F0F8E994270DB151009954B4 /* Sources */ = {
			isa = PBXSourcesBuildPhase;
			buildActionMask = 2147483647;
			files = (
				F0F8E99D270DB151009954B4 /* ToDOTests.swift in Sources */,
				F0B0B7D3270F71D8003C1FF1 /* AddModel.swift in Sources */,
			);
			runOnlyForDeploymentPostprocessing = 0;
		};
		F0F8E99E270DB151009954B4 /* Sources */ = {
			isa = PBXSourcesBuildPhase;
			buildActionMask = 2147483647;
			files = (
				F0F8E9A9270DB151009954B4 /* ToDOUITestsLaunchTests.swift in Sources */,
				F0F8E9A7270DB151009954B4 /* ToDOUITests.swift in Sources */,
			);
			runOnlyForDeploymentPostprocessing = 0;
		};
/* End PBXSourcesBuildPhase section */

/* Begin PBXTargetDependency section */
		F0F8E99A270DB151009954B4 /* PBXTargetDependency */ = {
			isa = PBXTargetDependency;
			target = F0F8E981270DB148009954B4 /* ToDO */;
			targetProxy = F0F8E999270DB151009954B4 /* PBXContainerItemProxy */;
		};
		F0F8E9A4270DB151009954B4 /* PBXTargetDependency */ = {
			isa = PBXTargetDependency;
			target = F0F8E981270DB148009954B4 /* ToDO */;
			targetProxy = F0F8E9A3270DB151009954B4 /* PBXContainerItemProxy */;
		};
/* End PBXTargetDependency section */

/* Begin PBXVariantGroup section */
		F0F8E98B270DB148009954B4 /* Main.storyboard */ = {
			isa = PBXVariantGroup;
			children = (
				F0F8E98C270DB148009954B4 /* Base */,
			);
			name = Main.storyboard;
			sourceTree = "<group>";
		};
		F0F8E990270DB150009954B4 /* LaunchScreen.storyboard */ = {
			isa = PBXVariantGroup;
			children = (
				F0F8E991270DB150009954B4 /* Base */,
			);
			name = LaunchScreen.storyboard;
			sourceTree = "<group>";
		};
/* End PBXVariantGroup section */

/* Begin XCBuildConfiguration section */
		F0F8E9AA270DB151009954B4 /* Debug */ = {
			isa = XCBuildConfiguration;
			buildSettings = {
				ALWAYS_SEARCH_USER_PATHS = NO;
				CLANG_ANALYZER_NONNULL = YES;
				CLANG_ANALYZER_NUMBER_OBJECT_CONVERSION = YES_AGGRESSIVE;
				CLANG_CXX_LANGUAGE_STANDARD = "gnu++17";
				CLANG_CXX_LIBRARY = "libc++";
				CLANG_ENABLE_MODULES = YES;
				CLANG_ENABLE_OBJC_ARC = YES;
				CLANG_ENABLE_OBJC_WEAK = YES;
				CLANG_WARN_BLOCK_CAPTURE_AUTORELEASING = YES;
				CLANG_WARN_BOOL_CONVERSION = YES;
				CLANG_WARN_COMMA = YES;
				CLANG_WARN_CONSTANT_CONVERSION = YES;
				CLANG_WARN_DEPRECATED_OBJC_IMPLEMENTATIONS = YES;
				CLANG_WARN_DIRECT_OBJC_ISA_USAGE = YES_ERROR;
				CLANG_WARN_DOCUMENTATION_COMMENTS = YES;
				CLANG_WARN_EMPTY_BODY = YES;
				CLANG_WARN_ENUM_CONVERSION = YES;
				CLANG_WARN_INFINITE_RECURSION = YES;
				CLANG_WARN_INT_CONVERSION = YES;
				CLANG_WARN_NON_LITERAL_NULL_CONVERSION = YES;
				CLANG_WARN_OBJC_IMPLICIT_RETAIN_SELF = YES;
				CLANG_WARN_OBJC_LITERAL_CONVERSION = YES;
				CLANG_WARN_OBJC_ROOT_CLASS = YES_ERROR;
				CLANG_WARN_QUOTED_INCLUDE_IN_FRAMEWORK_HEADER = YES;
				CLANG_WARN_RANGE_LOOP_ANALYSIS = YES;
				CLANG_WARN_STRICT_PROTOTYPES = YES;
				CLANG_WARN_SUSPICIOUS_MOVE = YES;
				CLANG_WARN_UNGUARDED_AVAILABILITY = YES_AGGRESSIVE;
				CLANG_WARN_UNREACHABLE_CODE = YES;
				CLANG_WARN__DUPLICATE_METHOD_MATCH = YES;
				COPY_PHASE_STRIP = NO;
				DEBUG_INFORMATION_FORMAT = dwarf;
				ENABLE_STRICT_OBJC_MSGSEND = YES;
				ENABLE_TESTABILITY = YES;
				GCC_C_LANGUAGE_STANDARD = gnu11;
				GCC_DYNAMIC_NO_PIC = NO;
				GCC_NO_COMMON_BLOCKS = YES;
				GCC_OPTIMIZATION_LEVEL = 0;
				GCC_PREPROCESSOR_DEFINITIONS = (
					"DEBUG=1",
					"$(inherited)",
				);
				GCC_WARN_64_TO_32_BIT_CONVERSION = YES;
				GCC_WARN_ABOUT_RETURN_TYPE = YES_ERROR;
				GCC_WARN_UNDECLARED_SELECTOR = YES;
				GCC_WARN_UNINITIALIZED_AUTOS = YES_AGGRESSIVE;
				GCC_WARN_UNUSED_FUNCTION = YES;
				GCC_WARN_UNUSED_VARIABLE = YES;
				IPHONEOS_DEPLOYMENT_TARGET = 15.0;
				MTL_ENABLE_DEBUG_INFO = INCLUDE_SOURCE;
				MTL_FAST_MATH = YES;
				ONLY_ACTIVE_ARCH = YES;
				SDKROOT = iphoneos;
				SWIFT_ACTIVE_COMPILATION_CONDITIONS = DEBUG;
				SWIFT_OPTIMIZATION_LEVEL = "-Onone";
			};
			name = Debug;
		};
		F0F8E9AB270DB151009954B4 /* Release */ = {
			isa = XCBuildConfiguration;
			buildSettings = {
				ALWAYS_SEARCH_USER_PATHS = NO;
				CLANG_ANALYZER_NONNULL = YES;
				CLANG_ANALYZER_NUMBER_OBJECT_CONVERSION = YES_AGGRESSIVE;
				CLANG_CXX_LANGUAGE_STANDARD = "gnu++17";
				CLANG_CXX_LIBRARY = "libc++";
				CLANG_ENABLE_MODULES = YES;
				CLANG_ENABLE_OBJC_ARC = YES;
				CLANG_ENABLE_OBJC_WEAK = YES;
				CLANG_WARN_BLOCK_CAPTURE_AUTORELEASING = YES;
				CLANG_WARN_BOOL_CONVERSION = YES;
				CLANG_WARN_COMMA = YES;
				CLANG_WARN_CONSTANT_CONVERSION = YES;
				CLANG_WARN_DEPRECATED_OBJC_IMPLEMENTATIONS = YES;
				CLANG_WARN_DIRECT_OBJC_ISA_USAGE = YES_ERROR;
				CLANG_WARN_DOCUMENTATION_COMMENTS = YES;
				CLANG_WARN_EMPTY_BODY = YES;
				CLANG_WARN_ENUM_CONVERSION = YES;
				CLANG_WARN_INFINITE_RECURSION = YES;
				CLANG_WARN_INT_CONVERSION = YES;
				CLANG_WARN_NON_LITERAL_NULL_CONVERSION = YES;
				CLANG_WARN_OBJC_IMPLICIT_RETAIN_SELF = YES;
				CLANG_WARN_OBJC_LITERAL_CONVERSION = YES;
				CLANG_WARN_OBJC_ROOT_CLASS = YES_ERROR;
				CLANG_WARN_QUOTED_INCLUDE_IN_FRAMEWORK_HEADER = YES;
				CLANG_WARN_RANGE_LOOP_ANALYSIS = YES;
				CLANG_WARN_STRICT_PROTOTYPES = YES;
				CLANG_WARN_SUSPICIOUS_MOVE = YES;
				CLANG_WARN_UNGUARDED_AVAILABILITY = YES_AGGRESSIVE;
				CLANG_WARN_UNREACHABLE_CODE = YES;
				CLANG_WARN__DUPLICATE_METHOD_MATCH = YES;
				COPY_PHASE_STRIP = NO;
				DEBUG_INFORMATION_FORMAT = "dwarf-with-dsym";
				ENABLE_NS_ASSERTIONS = NO;
				ENABLE_STRICT_OBJC_MSGSEND = YES;
				GCC_C_LANGUAGE_STANDARD = gnu11;
				GCC_NO_COMMON_BLOCKS = YES;
				GCC_WARN_64_TO_32_BIT_CONVERSION = YES;
				GCC_WARN_ABOUT_RETURN_TYPE = YES_ERROR;
				GCC_WARN_UNDECLARED_SELECTOR = YES;
				GCC_WARN_UNINITIALIZED_AUTOS = YES_AGGRESSIVE;
				GCC_WARN_UNUSED_FUNCTION = YES;
				GCC_WARN_UNUSED_VARIABLE = YES;
				IPHONEOS_DEPLOYMENT_TARGET = 15.0;
				MTL_ENABLE_DEBUG_INFO = NO;
				MTL_FAST_MATH = YES;
				SDKROOT = iphoneos;
				SWIFT_COMPILATION_MODE = wholemodule;
				SWIFT_OPTIMIZATION_LEVEL = "-O";
				VALIDATE_PRODUCT = YES;
			};
			name = Release;
		};
		F0F8E9AD270DB151009954B4 /* Debug */ = {
			isa = XCBuildConfiguration;
			baseConfigurationReference = 45A60FA9E135BC497B41B691 /* Pods-ToDO.debug.xcconfig */;
			buildSettings = {
				ASSETCATALOG_COMPILER_APPICON_NAME = AppIcon;
				ASSETCATALOG_COMPILER_GLOBAL_ACCENT_COLOR_NAME = AccentColor;
				CODE_SIGN_STYLE = Automatic;
				CURRENT_PROJECT_VERSION = 1;
				DEVELOPMENT_TEAM = U4UX25TX29;
				GENERATE_INFOPLIST_FILE = YES;
				INFOPLIST_FILE = ToDO/Info.plist;
				INFOPLIST_KEY_UIApplicationSupportsIndirectInputEvents = YES;
				INFOPLIST_KEY_UILaunchStoryboardName = LaunchScreen;
				INFOPLIST_KEY_UIMainStoryboardFile = Main;
				INFOPLIST_KEY_UISupportedInterfaceOrientations_iPad = "UIInterfaceOrientationPortrait UIInterfaceOrientationPortraitUpsideDown UIInterfaceOrientationLandscapeLeft UIInterfaceOrientationLandscapeRight";
				INFOPLIST_KEY_UISupportedInterfaceOrientations_iPhone = "UIInterfaceOrientationPortrait UIInterfaceOrientationLandscapeLeft UIInterfaceOrientationLandscapeRight";
				LD_RUNPATH_SEARCH_PATHS = (
					"$(inherited)",
					"@executable_path/Frameworks",
				);
				MARKETING_VERSION = 1.0;
				PRODUCT_BUNDLE_IDENTIFIER = europeec.ToDO;
				PRODUCT_NAME = "$(TARGET_NAME)";
				SWIFT_EMIT_LOC_STRINGS = YES;
				SWIFT_VERSION = 5.0;
				TARGETED_DEVICE_FAMILY = "1,2";
			};
			name = Debug;
		};
		F0F8E9AE270DB151009954B4 /* Release */ = {
			isa = XCBuildConfiguration;
			baseConfigurationReference = 2B643044E30CD7160D0EA5DC /* Pods-ToDO.release.xcconfig */;
			buildSettings = {
				ASSETCATALOG_COMPILER_APPICON_NAME = AppIcon;
				ASSETCATALOG_COMPILER_GLOBAL_ACCENT_COLOR_NAME = AccentColor;
				CODE_SIGN_STYLE = Automatic;
				CURRENT_PROJECT_VERSION = 1;
				DEVELOPMENT_TEAM = U4UX25TX29;
				GENERATE_INFOPLIST_FILE = YES;
				INFOPLIST_FILE = ToDO/Info.plist;
				INFOPLIST_KEY_UIApplicationSupportsIndirectInputEvents = YES;
				INFOPLIST_KEY_UILaunchStoryboardName = LaunchScreen;
				INFOPLIST_KEY_UIMainStoryboardFile = Main;
				INFOPLIST_KEY_UISupportedInterfaceOrientations_iPad = "UIInterfaceOrientationPortrait UIInterfaceOrientationPortraitUpsideDown UIInterfaceOrientationLandscapeLeft UIInterfaceOrientationLandscapeRight";
				INFOPLIST_KEY_UISupportedInterfaceOrientations_iPhone = "UIInterfaceOrientationPortrait UIInterfaceOrientationLandscapeLeft UIInterfaceOrientationLandscapeRight";
				LD_RUNPATH_SEARCH_PATHS = (
					"$(inherited)",
					"@executable_path/Frameworks",
				);
				MARKETING_VERSION = 1.0;
				PRODUCT_BUNDLE_IDENTIFIER = europeec.ToDO;
				PRODUCT_NAME = "$(TARGET_NAME)";
				SWIFT_EMIT_LOC_STRINGS = YES;
				SWIFT_VERSION = 5.0;
				TARGETED_DEVICE_FAMILY = "1,2";
			};
			name = Release;
		};
		F0F8E9B0270DB151009954B4 /* Debug */ = {
			isa = XCBuildConfiguration;
			baseConfigurationReference = 80A930967F5069567C38B9B0 /* Pods-ToDOTests.debug.xcconfig */;
			buildSettings = {
				ALWAYS_EMBED_SWIFT_STANDARD_LIBRARIES = YES;
				BUNDLE_LOADER = "$(TEST_HOST)";
				CODE_SIGN_STYLE = Automatic;
				CURRENT_PROJECT_VERSION = 1;
				DEVELOPMENT_TEAM = U4UX25TX29;
				GENERATE_INFOPLIST_FILE = YES;
				IPHONEOS_DEPLOYMENT_TARGET = 15.0;
				LD_RUNPATH_SEARCH_PATHS = (
					"$(inherited)",
					"@executable_path/Frameworks",
					"@loader_path/Frameworks",
				);
				MARKETING_VERSION = 1.0;
				PRODUCT_BUNDLE_IDENTIFIER = europeec.ToDOTests;
				PRODUCT_NAME = "$(TARGET_NAME)";
				SWIFT_EMIT_LOC_STRINGS = NO;
				SWIFT_VERSION = 5.0;
				TARGETED_DEVICE_FAMILY = "1,2";
				TEST_HOST = "$(BUILT_PRODUCTS_DIR)/ToDO.app/ToDO";
			};
			name = Debug;
		};
		F0F8E9B1270DB151009954B4 /* Release */ = {
			isa = XCBuildConfiguration;
			baseConfigurationReference = 74592BCEF546EAA6E17453C3 /* Pods-ToDOTests.release.xcconfig */;
			buildSettings = {
				ALWAYS_EMBED_SWIFT_STANDARD_LIBRARIES = YES;
				BUNDLE_LOADER = "$(TEST_HOST)";
				CODE_SIGN_STYLE = Automatic;
				CURRENT_PROJECT_VERSION = 1;
				DEVELOPMENT_TEAM = U4UX25TX29;
				GENERATE_INFOPLIST_FILE = YES;
				IPHONEOS_DEPLOYMENT_TARGET = 15.0;
				LD_RUNPATH_SEARCH_PATHS = (
					"$(inherited)",
					"@executable_path/Frameworks",
					"@loader_path/Frameworks",
				);
				MARKETING_VERSION = 1.0;
				PRODUCT_BUNDLE_IDENTIFIER = europeec.ToDOTests;
				PRODUCT_NAME = "$(TARGET_NAME)";
				SWIFT_EMIT_LOC_STRINGS = NO;
				SWIFT_VERSION = 5.0;
				TARGETED_DEVICE_FAMILY = "1,2";
				TEST_HOST = "$(BUILT_PRODUCTS_DIR)/ToDO.app/ToDO";
			};
			name = Release;
		};
		F0F8E9B3270DB151009954B4 /* Debug */ = {
			isa = XCBuildConfiguration;
			baseConfigurationReference = 1648E49A6169B3D5B76CE669 /* Pods-ToDO-ToDOUITests.debug.xcconfig */;
			buildSettings = {
				ALWAYS_EMBED_SWIFT_STANDARD_LIBRARIES = YES;
				CODE_SIGN_STYLE = Automatic;
				CURRENT_PROJECT_VERSION = 1;
				DEVELOPMENT_TEAM = U4UX25TX29;
				GENERATE_INFOPLIST_FILE = YES;
				LD_RUNPATH_SEARCH_PATHS = (
					"$(inherited)",
					"@executable_path/Frameworks",
					"@loader_path/Frameworks",
				);
				MARKETING_VERSION = 1.0;
				PRODUCT_BUNDLE_IDENTIFIER = europeec.ToDOUITests;
				PRODUCT_NAME = "$(TARGET_NAME)";
				SWIFT_EMIT_LOC_STRINGS = NO;
				SWIFT_VERSION = 5.0;
				TARGETED_DEVICE_FAMILY = "1,2";
				TEST_TARGET_NAME = ToDO;
			};
			name = Debug;
		};
		F0F8E9B4270DB151009954B4 /* Release */ = {
			isa = XCBuildConfiguration;
			baseConfigurationReference = 4F3B92423B3AA2FCD86120CF /* Pods-ToDO-ToDOUITests.release.xcconfig */;
			buildSettings = {
				ALWAYS_EMBED_SWIFT_STANDARD_LIBRARIES = YES;
				CODE_SIGN_STYLE = Automatic;
				CURRENT_PROJECT_VERSION = 1;
				DEVELOPMENT_TEAM = U4UX25TX29;
				GENERATE_INFOPLIST_FILE = YES;
				LD_RUNPATH_SEARCH_PATHS = (
					"$(inherited)",
					"@executable_path/Frameworks",
					"@loader_path/Frameworks",
				);
				MARKETING_VERSION = 1.0;
				PRODUCT_BUNDLE_IDENTIFIER = europeec.ToDOUITests;
				PRODUCT_NAME = "$(TARGET_NAME)";
				SWIFT_EMIT_LOC_STRINGS = NO;
				SWIFT_VERSION = 5.0;
				TARGETED_DEVICE_FAMILY = "1,2";
				TEST_TARGET_NAME = ToDO;
			};
			name = Release;
		};
/* End XCBuildConfiguration section */

/* Begin XCConfigurationList section */
		F0F8E97D270DB148009954B4 /* Build configuration list for PBXProject "ToDO" */ = {
			isa = XCConfigurationList;
			buildConfigurations = (
				F0F8E9AA270DB151009954B4 /* Debug */,
				F0F8E9AB270DB151009954B4 /* Release */,
			);
			defaultConfigurationIsVisible = 0;
			defaultConfigurationName = Release;
		};
		F0F8E9AC270DB151009954B4 /* Build configuration list for PBXNativeTarget "ToDO" */ = {
			isa = XCConfigurationList;
			buildConfigurations = (
				F0F8E9AD270DB151009954B4 /* Debug */,
				F0F8E9AE270DB151009954B4 /* Release */,
			);
			defaultConfigurationIsVisible = 0;
			defaultConfigurationName = Release;
		};
		F0F8E9AF270DB151009954B4 /* Build configuration list for PBXNativeTarget "ToDOTests" */ = {
			isa = XCConfigurationList;
			buildConfigurations = (
				F0F8E9B0270DB151009954B4 /* Debug */,
				F0F8E9B1270DB151009954B4 /* Release */,
			);
			defaultConfigurationIsVisible = 0;
			defaultConfigurationName = Release;
		};
		F0F8E9B2270DB151009954B4 /* Build configuration list for PBXNativeTarget "ToDOUITests" */ = {
			isa = XCConfigurationList;
			buildConfigurations = (
				F0F8E9B3270DB151009954B4 /* Debug */,
				F0F8E9B4270DB151009954B4 /* Release */,
			);
			defaultConfigurationIsVisible = 0;
			defaultConfigurationName = Release;
		};
/* End XCConfigurationList section */
	};
	rootObject = F0F8E97A270DB148009954B4 /* Project object */;
}
